
Microsoft Visual Studio Solution File, Format Version 12.00
Project("{FAE04EC0-301F-11D3-BF4B-00C04F79EFBC}") = "AdvancedProgramming4", "AdvancedProgramming4\AdvancedProgramming4.csproj", "{6FC13AC5-0A6C-4B3B-93EA-2012AB023633}"
EndProject
Global
	GlobalSection(SolutionConfigurationPlatforms) = preSolution
		Debug|Any CPU = Debug|Any CPU
		Release|Any CPU = Release|Any CPU
	EndGlobalSection
	GlobalSection(ProjectConfigurationPlatforms) = postSolution
		{6FC13AC5-0A6C-4B3B-93EA-2012AB023633}.Debug|Any CPU.ActiveCfg = Debug|Any CPU
		{6FC13AC5-0A6C-4B3B-93EA-2012AB023633}.Debug|Any CPU.Build.0 = Debug|Any CPU
		{6FC13AC5-0A6C-4B3B-93EA-2012AB023633}.Release|Any CPU.ActiveCfg = Release|Any CPU
		{6FC13AC5-0A6C-4B3B-93EA-2012AB023633}.Release|Any CPU.Build.0 = Release|Any CPU
	EndGlobalSection
EndGlobal
